
Microsoft Visual Studio Solution File, Format Version 12.00
# Visual Studio Version 16
VisualStudioVersion = 16.0.30204.135
MinimumVisualStudioVersion = 10.0.40219.1
Project("{FAE04EC0-301F-11D3-BF4B-00C04F79EFBC}") = "videourok", "videourok\videourok.csproj", "{AA339229-F9EB-4261-A317-7409FB231325}"
EndProject
Global
	GlobalSection(SolutionConfigurationPlatforms) = preSolution
		Debug|Any CPU = Debug|Any CPU
		Release|Any CPU = Release|Any CPU
	EndGlobalSection
	GlobalSection(ProjectConfigurationPlatforms) = postSolution
		{AA339229-F9EB-4261-A317-7409FB231325}.Debug|Any CPU.ActiveCfg = Debug|Any CPU
		{AA339229-F9EB-4261-A317-7409FB231325}.Debug|Any CPU.Build.0 = Debug|Any CPU
		{AA339229-F9EB-4261-A317-7409FB231325}.Release|Any CPU.ActiveCfg = Release|Any CPU
		{AA339229-F9EB-4261-A317-7409FB231325}.Release|Any CPU.Build.0 = Release|Any CPU
	EndGlobalSection
	GlobalSection(SolutionProperties) = preSolution
		HideSolutionNode = FALSE
	EndGlobalSection
	GlobalSection(ExtensibilityGlobals) = postSolution
		SolutionGuid = {3AE2DDF3-3C76-4AED-BFEF-D63A778741A2}
	EndGlobalSection
EndGlobal
